
Microsoft Visual Studio Solution File, Format Version 12.00
# Visual Studio Version 16
VisualStudioVersion = 16.0.33529.622
MinimumVisualStudioVersion = 10.0.40219.1
Project("{FAE04EC0-301F-11D3-BF4B-00C04F79EFBC}") = "Punto de venta (POS)", "Punto de venta (POS)\Punto de venta (POS).csproj", "{6CC73091-9342-4C2F-833F-8DF33746945F}"
EndProject
Project("{FAE04EC0-301F-11D3-BF4B-00C04F79EFBC}") = "API", "API\API.csproj", "{10244308-A5D1-4B32-B253-C27A0C4AFD09}"
EndProject
Global
	GlobalSection(SolutionConfigurationPlatforms) = preSolution
		Debug|Any CPU = Debug|Any CPU
		Release|Any CPU = Release|Any CPU
	EndGlobalSection
	GlobalSection(ProjectConfigurationPlatforms) = postSolution
		{6CC73091-9342-4C2F-833F-8DF33746945F}.Debug|Any CPU.ActiveCfg = Debug|Any CPU
		{6CC73091-9342-4C2F-833F-8DF33746945F}.Debug|Any CPU.Build.0 = Debug|Any CPU
		{6CC73091-9342-4C2F-833F-8DF33746945F}.Release|Any CPU.ActiveCfg = Release|Any CPU
		{6CC73091-9342-4C2F-833F-8DF33746945F}.Release|Any CPU.Build.0 = Release|Any CPU
		{10244308-A5D1-4B32-B253-C27A0C4AFD09}.Debug|Any CPU.ActiveCfg = Debug|Any CPU
		{10244308-A5D1-4B32-B253-C27A0C4AFD09}.Debug|Any CPU.Build.0 = Debug|Any CPU
		{10244308-A5D1-4B32-B253-C27A0C4AFD09}.Release|Any CPU.ActiveCfg = Release|Any CPU
		{10244308-A5D1-4B32-B253-C27A0C4AFD09}.Release|Any CPU.Build.0 = Release|Any CPU
	EndGlobalSection
	GlobalSection(SolutionProperties) = preSolution
		HideSolutionNode = FALSE
	EndGlobalSection
	GlobalSection(ExtensibilityGlobals) = postSolution
		SolutionGuid = {59C22BCB-F699-4E06-9C69-1B6EA81B25C8}
	EndGlobalSection
EndGlobal
